<?xml version="1.0" encoding="utf-8"?>
<Project ToolsVersion="4.0" xmlns="http://schemas.microsoft.com/developer/msbuild/2003">
  <ItemGroup>
    <Filter Include="Source Files">
      <UniqueIdentifier>{4FC737F1-C7A5-4376-A066-2A32D752A2FF}</UniqueIdentifier>
      <Extensions>cpp;c;cc;cxx;c++;cppm;ixx;def;odl;idl;hpj;bat;asm;asmx</Extensions>
    </Filter>
    <Filter Include="Header Files">
      <UniqueIdentifier>{93995380-89BD-4b04-88EB-625FBE52EBFB}</UniqueIdentifier>
      <Extensions>h;hh;hpp;hxx;h++;hm;inl;inc;ipp;xsd</Extensions>
    </Filter>
    <Filter Include="Resource Files">
      <UniqueIdentifier>{67DA6AB6-F800-4c08-8B7A-83BB121AAD01}</UniqueIdentifier>
      <Extensions>rc;ico;cur;bmp;dlg;rc2;rct;bin;rgs;gif;jpg;jpeg;jpe;resx;tiff;tif;png;wav;mfcribbon-ms</Extensions>
    </Filter>
    <Filter Include="Header Files\Framework">
      <UniqueIdentifier>{960817bf-b439-46a6-bce7-6605fb28e947}</UniqueIdentifier>
    </Filter>
  </ItemGroup>
  <ItemGroup>
    <ClCompile Include="main.cpp">
      <Filter>Source Files</Filter>
    </ClCompile>
    <ClCompile Include="Game.cpp">
      <Filter>Source Files</Filter>
    </ClCompile>
    <ClCompile Include="CastlevaniaGame.cpp">
      <Filter>Source Files</Filter>
    </ClCompile>
    <ClCompile Include="Framework\Animation.cpp">
      <Filter>Resource Files</Filter>
    </ClCompile>
    <ClCompile Include="Framework\DeviceManager.cpp">
      <Filter>Resource Files</Filter>
    </ClCompile>
    <ClCompile Include="Framework\dxaudio.cpp">
      <Filter>Resource Files</Filter>
    </ClCompile>
    <ClCompile Include="Framework\Event.cpp">
      <Filter>Resource Files</Filter>
    </ClCompile>
    <ClCompile Include="Framework\GameTime.cpp">
      <Filter>Resource Files</Filter>
    </ClCompile>
    <ClCompile Include="Framework\Graphics.cpp">
      <Filter>Resource Files</Filter>
    </ClCompile>
    <ClCompile Include="Framework\IComponent.cpp">
      <Filter>Resource Files</Filter>
    </ClCompile>
    <ClCompile Include="Framework\InputController.cpp">
      <Filter>Resource Files</Filter>
    </ClCompile>
    <ClCompile Include="Framework\Scene.cpp">
      <Filter>Resource Files</Filter>
    </ClCompile>
    <ClCompile Include="Framework\SceneManager.cpp">
      <Filter>Resource Files</Filter>
    </ClCompile>
    <ClCompile Include="Framework\SoundManager.cpp">
      <Filter>Resource Files</Filter>
    </ClCompile>
    <ClCompile Include="Framework\Sprite.cpp">
      <Filter>Resource Files</Filter>
    </ClCompile>
    <ClCompile Include="Framework\SpriteManager.cpp">
      <Filter>Resource Files</Filter>
    </ClCompile>
    <ClCompile Include="Framework\StageManager.cpp">
      <Filter>Resource Files</Filter>
    </ClCompile>
    <ClCompile Include="Framework\StopWatch.cpp">
      <Filter>Resource Files</Filter>
    </ClCompile>
    <ClCompile Include="Framework\Text.cpp">
      <Filter>Resource Files</Filter>
    </ClCompile>
    <ClCompile Include="Framework\Texture.cpp">
      <Filter>Resource Files</Filter>
    </ClCompile>
    <ClCompile Include="Framework\TimeSpan.cpp">
      <Filter>Resource Files</Filter>
    </ClCompile>
    <ClCompile Include="Framework\Transformable.cpp">
      <Filter>Resource Files</Filter>
    </ClCompile>
    <ClCompile Include="Framework\utils.cpp">
      <Filter>Resource Files</Filter>
    </ClCompile>
    <ClCompile Include="Framework\Viewport.cpp">
      <Filter>Resource Files</Filter>
    </ClCompile>
  </ItemGroup>
  <ItemGroup>
    <ClInclude Include="Game.h">
      <Filter>Header Files</Filter>
    </ClInclude>
    <ClInclude Include="CastlevaniaGame.h">
      <Filter>Header Files</Filter>
    </ClInclude>
    <ClInclude Include="Framework\Animation.h">
      <Filter>Header Files\Framework</Filter>
    </ClInclude>
    <ClInclude Include="Framework\define.h">
      <Filter>Header Files\Framework</Filter>
    </ClInclude>
    <ClInclude Include="Framework\DeviceManager.h">
      <Filter>Header Files\Framework</Filter>
    </ClInclude>
    <ClInclude Include="Framework\dxaudio.h">
      <Filter>Header Files\Framework</Filter>
    </ClInclude>
    <ClInclude Include="Framework\Event.h">
      <Filter>Header Files\Framework</Filter>
    </ClInclude>
    <ClInclude Include="Framework\GameTime.h">
      <Filter>Header Files\Framework</Filter>
    </ClInclude>
    <ClInclude Include="Framework\Graphics.h">
      <Filter>Header Files\Framework</Filter>
    </ClInclude>
    <ClInclude Include="Framework\IComponent.h">
      <Filter>Header Files\Framework</Filter>
    </ClInclude>
    <ClInclude Include="Framework\InputController.h">
      <Filter>Header Files\Framework</Filter>
    </ClInclude>
    <ClInclude Include="Framework\Scene.h">
      <Filter>Header Files\Framework</Filter>
    </ClInclude>
    <ClInclude Include="Framework\SceneManager.h">
      <Filter>Header Files\Framework</Filter>
    </ClInclude>
    <ClInclude Include="Framework\SoundManager.h">
      <Filter>Header Files\Framework</Filter>
    </ClInclude>
    <ClInclude Include="Framework\Sprite.h">
      <Filter>Header Files\Framework</Filter>
    </ClInclude>
    <ClInclude Include="Framework\SpriteManager.h">
      <Filter>Header Files\Framework</Filter>
    </ClInclude>
    <ClInclude Include="Framework\StageManager.h">
      <Filter>Header Files\Framework</Filter>
    </ClInclude>
    <ClInclude Include="Framework\StopWatch.h">
      <Filter>Header Files\Framework</Filter>
    </ClInclude>
    <ClInclude Include="Framework\Text.h">
      <Filter>Header Files\Framework</Filter>
    </ClInclude>
    <ClInclude Include="Framework\Texture.h">
      <Filter>Header Files\Framework</Filter>
    </ClInclude>
    <ClInclude Include="Framework\TimeSpan.h">
      <Filter>Header Files\Framework</Filter>
    </ClInclude>
    <ClInclude Include="Framework\Transformable.h">
      <Filter>Header Files\Framework</Filter>
    </ClInclude>
    <ClInclude Include="Framework\utils.h">
      <Filter>Header Files\Framework</Filter>
    </ClInclude>
    <ClInclude Include="Framework\Viewport.h">
      <Filter>Header Files\Framework</Filter>
    </ClInclude>
    <ClInclude Include="resource.h">
      <Filter>Header Files</Filter>
    </ClInclude>
  </ItemGroup>
</Project>